
Microsoft Visual Studio Solution File, Format Version 12.00
# Visual Studio Version 17
VisualStudioVersion = 17.1.31911.260
MinimumVisualStudioVersion = 10.0.40219.1
Project("{FAE04EC0-301F-11D3-BF4B-00C04F79EFBC}") = "함수테스트", "함수테스트\함수테스트.csproj", "{2DD1A4EC-4F77-49AD-931C-243BD786C055}"
EndProject
Global
	GlobalSection(SolutionConfigurationPlatforms) = preSolution
		Debug|Any CPU = Debug|Any CPU
		Release|Any CPU = Release|Any CPU
	EndGlobalSection
	GlobalSection(ProjectConfigurationPlatforms) = postSolution
		{2DD1A4EC-4F77-49AD-931C-243BD786C055}.Debug|Any CPU.ActiveCfg = Debug|Any CPU
		{2DD1A4EC-4F77-49AD-931C-243BD786C055}.Debug|Any CPU.Build.0 = Debug|Any CPU
		{2DD1A4EC-4F77-49AD-931C-243BD786C055}.Release|Any CPU.ActiveCfg = Release|Any CPU
		{2DD1A4EC-4F77-49AD-931C-243BD786C055}.Release|Any CPU.Build.0 = Release|Any CPU
	EndGlobalSection
	GlobalSection(SolutionProperties) = preSolution
		HideSolutionNode = FALSE
	EndGlobalSection
	GlobalSection(ExtensibilityGlobals) = postSolution
		SolutionGuid = {E2233D00-6C9E-46AE-A6D0-5132D4BBBFE1}
	EndGlobalSection
EndGlobal
